
Microsoft Visual Studio Solution File, Format Version 12.00
# Visual Studio 15
VisualStudioVersion = 15.0.28307.421
MinimumVisualStudioVersion = 10.0.40219.1
Project("{FAE04EC0-301F-11D3-BF4B-00C04F79EFBC}") = "ServiceBus", "ServiceBus\ServiceBus.csproj", "{4F49B793-6214-47AB-9E80-91384EFC95A2}"
EndProject
Global
	GlobalSection(SolutionConfigurationPlatforms) = preSolution
		Debug|Any CPU = Debug|Any CPU
		Release|Any CPU = Release|Any CPU
	EndGlobalSection
	GlobalSection(ProjectConfigurationPlatforms) = postSolution
		{4F49B793-6214-47AB-9E80-91384EFC95A2}.Debug|Any CPU.ActiveCfg = Debug|Any CPU
		{4F49B793-6214-47AB-9E80-91384EFC95A2}.Debug|Any CPU.Build.0 = Debug|Any CPU
		{4F49B793-6214-47AB-9E80-91384EFC95A2}.Release|Any CPU.ActiveCfg = Release|Any CPU
		{4F49B793-6214-47AB-9E80-91384EFC95A2}.Release|Any CPU.Build.0 = Release|Any CPU
	EndGlobalSection
	GlobalSection(SolutionProperties) = preSolution
		HideSolutionNode = FALSE
	EndGlobalSection
	GlobalSection(ExtensibilityGlobals) = postSolution
		SolutionGuid = {5AFAFA1F-443A-4782-94E7-4CEAFCE61C7F}
	EndGlobalSection
EndGlobal
